# CoinCync Critical File Integrity Lockfile
#
# These SHA-256 hashes protect consensus-critical files from accidental changes.
# The build will FAIL if any hash doesn't match.
#
# Hashes are computed over the file bytes with CRLF line endings
# normalized to LF, so Windows and Linux produce the same values.
#
# To refresh after an INTENTIONAL change:
#   cargo run --bin update-critical-hashes
#
# NEVER refresh these hashes without a thorough review of the changes.
# Accidental modifications to these files can cause chain forks.

CONSTITUTION.md=ec619ff198957ac20824a137c0b16b319be099e43f2359ecb06a37097dd47302
docs/BILL_OF_RIGHTS.md=b2d01894a0334133d068c660054b7352493bc7ca1ebb00c231638901a19be753
src/testnet.rs=b5556f91d947ee17fde210118a11f11e2c5c5af62ecdb62fb72232d8486350df
src/constants.rs=c63284af6136fe3b9e96cd8b29576f2d4e14d80d09de1edb792c70aac450d8d5
src/consensus/difficulty.rs=bc6665f3342e2024e638ab4f11df71ecb90216376820258b9f150d63630f3711
src/consensus/pow.rs=0093aac75ec907bc1dd4ac39b2c22deccf6a5a0637316cd3595c39c48f5875b3
src/consensus/validation.rs=e1622b80a2d33084ee8f1f0d3fe4978ce06a8ec0d5c17f65fa6f57d0d7aec2ac
src/emission/curve.rs=a283773c05b0f51f83ff2638fdaad00be3b90aec503837c0ded4c82de96a9fb6
