# CoinCync Critical File Integrity Lockfile
#
# These SHA-256 hashes protect consensus-critical files from accidental changes.
# The build will FAIL if any hash doesn't match.
#
# Hashes are computed over the file bytes with CRLF line endings
# normalized to LF, so Windows and Linux produce the same values.
#
# To refresh after an INTENTIONAL change:
#   cargo run --bin update-critical-hashes
#
# NEVER refresh these hashes without a thorough review of the changes.
# Accidental modifications to these files can cause chain forks.

CONSTITUTION.md=ec619ff198957ac20824a137c0b16b319be099e43f2359ecb06a37097dd47302
docs/BILL_OF_RIGHTS.md=b2d01894a0334133d068c660054b7352493bc7ca1ebb00c231638901a19be753
src/testnet.rs=9c29275442a449a1b7b76d21e764afdc454a22898ef989a497f3babf3ecff9c5
src/constants.rs=c707b58b437f28442ca5690ba029a60ede5d177df660af48032b032dd27b3056
src/consensus/difficulty.rs=cde32a331bef8ecf7b3083c92105b64003217269f673e8de6c3cd0db445ce2df
src/consensus/pow.rs=2ebbf02f569cdeb2bc244e2dd47d0601c8a550ef71b2706444ad72a4293e84e6
src/consensus/validation.rs=4545241945ade4160d73c43321a7bb09c81dce2545d8cf9612771b7d1370352e
src/emission/curve.rs=a283773c05b0f51f83ff2638fdaad00be3b90aec503837c0ded4c82de96a9fb6
